
Microsoft Visual Studio Solution File, Format Version 12.00
# Visual Studio Version 17
VisualStudioVersion = 17.1.32421.90
MinimumVisualStudioVersion = 10.0.40219.1
Project("{FAE04EC0-301F-11D3-BF4B-00C04F79EFBC}") = "DiscountDelegateDemo", "DiscountDelegateDemo.csproj", "{B3304235-A02A-4A21-BE6A-B8A6A1115DA4}"
EndProject
Global
	GlobalSection(SolutionConfigurationPlatforms) = preSolution
		Debug|Any CPU = Debug|Any CPU
		Release|Any CPU = Release|Any CPU
	EndGlobalSection
	GlobalSection(ProjectConfigurationPlatforms) = postSolution
		{B3304235-A02A-4A21-BE6A-B8A6A1115DA4}.Debug|Any CPU.ActiveCfg = Debug|Any CPU
		{B3304235-A02A-4A21-BE6A-B8A6A1115DA4}.Debug|Any CPU.Build.0 = Debug|Any CPU
		{B3304235-A02A-4A21-BE6A-B8A6A1115DA4}.Release|Any CPU.ActiveCfg = Release|Any CPU
		{B3304235-A02A-4A21-BE6A-B8A6A1115DA4}.Release|Any CPU.Build.0 = Release|Any CPU
	EndGlobalSection
	GlobalSection(SolutionProperties) = preSolution
		HideSolutionNode = FALSE
	EndGlobalSection
	GlobalSection(ExtensibilityGlobals) = postSolution
		SolutionGuid = {F8CA8307-459A-4004-917A-BD344767BE0A}
	EndGlobalSection
EndGlobal
