
Microsoft Visual Studio Solution File, Format Version 12.00
# Visual Studio Version 17
VisualStudioVersion = 17.1.32421.90
MinimumVisualStudioVersion = 10.0.40219.1
Project("{FAE04EC0-301F-11D3-BF4B-00C04F79EFBC}") = "CompareThreeNumbers", "CompareThreeNumbers.csproj", "{B6EEC754-6124-42FD-8802-7804F6F9C46F}"
EndProject
Global
	GlobalSection(SolutionConfigurationPlatforms) = preSolution
		Debug|Any CPU = Debug|Any CPU
		Release|Any CPU = Release|Any CPU
	EndGlobalSection
	GlobalSection(ProjectConfigurationPlatforms) = postSolution
		{B6EEC754-6124-42FD-8802-7804F6F9C46F}.Debug|Any CPU.ActiveCfg = Debug|Any CPU
		{B6EEC754-6124-42FD-8802-7804F6F9C46F}.Debug|Any CPU.Build.0 = Debug|Any CPU
		{B6EEC754-6124-42FD-8802-7804F6F9C46F}.Release|Any CPU.ActiveCfg = Release|Any CPU
		{B6EEC754-6124-42FD-8802-7804F6F9C46F}.Release|Any CPU.Build.0 = Release|Any CPU
	EndGlobalSection
	GlobalSection(SolutionProperties) = preSolution
		HideSolutionNode = FALSE
	EndGlobalSection
	GlobalSection(ExtensibilityGlobals) = postSolution
		SolutionGuid = {9B13986A-8C1B-4809-9FF7-A99C4AAAE16F}
	EndGlobalSection
EndGlobal
