
Microsoft Visual Studio Solution File, Format Version 12.00
# Visual Studio Version 17
VisualStudioVersion = 17.1.32421.90
MinimumVisualStudioVersion = 10.0.40219.1
Project("{FAE04EC0-301F-11D3-BF4B-00C04F79EFBC}") = "ManyButtons", "ManyButtons.csproj", "{79B59CE7-E8DB-4897-B1BE-DECFBF5A27DC}"
EndProject
Global
	GlobalSection(SolutionConfigurationPlatforms) = preSolution
		Debug|Any CPU = Debug|Any CPU
		Release|Any CPU = Release|Any CPU
	EndGlobalSection
	GlobalSection(ProjectConfigurationPlatforms) = postSolution
		{79B59CE7-E8DB-4897-B1BE-DECFBF5A27DC}.Debug|Any CPU.ActiveCfg = Debug|Any CPU
		{79B59CE7-E8DB-4897-B1BE-DECFBF5A27DC}.Debug|Any CPU.Build.0 = Debug|Any CPU
		{79B59CE7-E8DB-4897-B1BE-DECFBF5A27DC}.Release|Any CPU.ActiveCfg = Release|Any CPU
		{79B59CE7-E8DB-4897-B1BE-DECFBF5A27DC}.Release|Any CPU.Build.0 = Release|Any CPU
	EndGlobalSection
	GlobalSection(SolutionProperties) = preSolution
		HideSolutionNode = FALSE
	EndGlobalSection
	GlobalSection(ExtensibilityGlobals) = postSolution
		SolutionGuid = {F6DA9306-D74C-48CD-963C-FF551D5C1A88}
	EndGlobalSection
EndGlobal
