
Microsoft Visual Studio Solution File, Format Version 12.00
# Visual Studio Version 17
VisualStudioVersion = 17.1.32421.90
MinimumVisualStudioVersion = 10.0.40219.1
Project("{FAE04EC0-301F-11D3-BF4B-00C04F79EFBC}") = "CreateNameFile", "CreateNameFile.csproj", "{704F1D9C-EE16-4C01-BE4E-62D93CF1F743}"
EndProject
Global
	GlobalSection(SolutionConfigurationPlatforms) = preSolution
		Debug|Any CPU = Debug|Any CPU
		Release|Any CPU = Release|Any CPU
	EndGlobalSection
	GlobalSection(ProjectConfigurationPlatforms) = postSolution
		{704F1D9C-EE16-4C01-BE4E-62D93CF1F743}.Debug|Any CPU.ActiveCfg = Debug|Any CPU
		{704F1D9C-EE16-4C01-BE4E-62D93CF1F743}.Debug|Any CPU.Build.0 = Debug|Any CPU
		{704F1D9C-EE16-4C01-BE4E-62D93CF1F743}.Release|Any CPU.ActiveCfg = Release|Any CPU
		{704F1D9C-EE16-4C01-BE4E-62D93CF1F743}.Release|Any CPU.Build.0 = Release|Any CPU
	EndGlobalSection
	GlobalSection(SolutionProperties) = preSolution
		HideSolutionNode = FALSE
	EndGlobalSection
	GlobalSection(ExtensibilityGlobals) = postSolution
		SolutionGuid = {61F59960-B899-43DA-930D-10219EA52FEB}
	EndGlobalSection
EndGlobal
