
Microsoft Visual Studio Solution File, Format Version 12.00
# Visual Studio Version 17
VisualStudioVersion = 17.1.32421.90
MinimumVisualStudioVersion = 10.0.40219.1
Project("{FAE04EC0-301F-11D3-BF4B-00C04F79EFBC}") = "GreenvilleRevenueGUI", "GreenvilleRevenueGUI.csproj", "{59D00A46-9D75-4CD9-A55E-DEE0343DDC21}"
EndProject
Global
	GlobalSection(SolutionConfigurationPlatforms) = preSolution
		Debug|Any CPU = Debug|Any CPU
		Release|Any CPU = Release|Any CPU
	EndGlobalSection
	GlobalSection(ProjectConfigurationPlatforms) = postSolution
		{59D00A46-9D75-4CD9-A55E-DEE0343DDC21}.Debug|Any CPU.ActiveCfg = Debug|Any CPU
		{59D00A46-9D75-4CD9-A55E-DEE0343DDC21}.Debug|Any CPU.Build.0 = Debug|Any CPU
		{59D00A46-9D75-4CD9-A55E-DEE0343DDC21}.Release|Any CPU.ActiveCfg = Release|Any CPU
		{59D00A46-9D75-4CD9-A55E-DEE0343DDC21}.Release|Any CPU.Build.0 = Release|Any CPU
	EndGlobalSection
	GlobalSection(SolutionProperties) = preSolution
		HideSolutionNode = FALSE
	EndGlobalSection
	GlobalSection(ExtensibilityGlobals) = postSolution
		SolutionGuid = {779671A4-64F8-42E8-9302-BA9DF8357397}
	EndGlobalSection
EndGlobal
